Microsoft Visual Studio Solution File, Format Version 7.00
Project("{FAE04EC0-301F-11D3-BF4B-00C04F79EFBC}") = "Interfaces", "..\Interfaces\Interfaces.csproj", "{ED915D64-6049-4C75-B132-8F397DAD46EA}"
EndProject
Project("{FAE04EC0-301F-11D3-BF4B-00C04F79EFBC}") = "Host", "Host\Host.csproj", "{1C7BEBE2-9564-42BB-9035-E44BF1866AF4}"
EndProject
Global
	GlobalSection(SolutionConfiguration) = preSolution
		ConfigName.0 = Debug
		ConfigName.1 = Release
	EndGlobalSection
	GlobalSection(ProjectDependencies) = postSolution
	EndGlobalSection
	GlobalSection(ProjectConfiguration) = postSolution
		{ED915D64-6049-4C75-B132-8F397DAD46EA}.Debug.ActiveCfg = Debug|.NET
		{ED915D64-6049-4C75-B132-8F397DAD46EA}.Debug.Build.0 = Debug|.NET
		{ED915D64-6049-4C75-B132-8F397DAD46EA}.Release.ActiveCfg = Release|.NET
		{ED915D64-6049-4C75-B132-8F397DAD46EA}.Release.Build.0 = Release|.NET
		{1C7BEBE2-9564-42BB-9035-E44BF1866AF4}.Debug.ActiveCfg = Debug|.NET
		{1C7BEBE2-9564-42BB-9035-E44BF1866AF4}.Debug.Build.0 = Debug|.NET
		{1C7BEBE2-9564-42BB-9035-E44BF1866AF4}.Release.ActiveCfg = Release|.NET
		{1C7BEBE2-9564-42BB-9035-E44BF1866AF4}.Release.Build.0 = Release|.NET
	EndGlobalSection
	GlobalSection(ExtensibilityGlobals) = postSolution
	EndGlobalSection
	GlobalSection(ExtensibilityAddIns) = postSolution
	EndGlobalSection
EndGlobal
