Microsoft Visual Studio Solution File, Format Version 11.00
# Visual Studio 2008

Project("{ACAC2989-A8F0-5ADE-FB2E-6878F9C7350C}") = "avaruusmatto", "Assembly-CSharp-firstpass.csproj", "{2951A598-B5D7-9A47-D31A-7AD37DEC8571}"
EndProject
Project("{ACAC2989-A8F0-5ADE-FB2E-6878F9C7350C}") = "avaruusmatto", "Assembly-CSharp.csproj", "{68CA745E-D4F1-86D6-4F94-3CF272644594}"
EndProject
Project("{ACAC2989-A8F0-5ADE-FB2E-6878F9C7350C}") = "avaruusmatto", "Assembly-UnityScript-firstpass.unityproj", "{B0121779-23B2-9840-78CC-80B6C66DB7DC}"
EndProject
Global
	GlobalSection(SolutionConfigurationPlatforms) = preSolution
		Debug|Any CPU = Debug|Any CPU
		Release|Any CPU = Release|Any CPU
	EndGlobalSection
	GlobalSection(ProjectConfigurationPlatforms) = postSolution
		{2951A598-B5D7-9A47-D31A-7AD37DEC8571}.Debug|Any CPU.ActiveCfg = Debug|Any CPU
		{2951A598-B5D7-9A47-D31A-7AD37DEC8571}.Debug|Any CPU.Build.0 = Debug|Any CPU
		{2951A598-B5D7-9A47-D31A-7AD37DEC8571}.Release|Any CPU.ActiveCfg = Release|Any CPU
		{2951A598-B5D7-9A47-D31A-7AD37DEC8571}.Release|Any CPU.Build.0 = Release|Any CPU
		{68CA745E-D4F1-86D6-4F94-3CF272644594}.Debug|Any CPU.ActiveCfg = Debug|Any CPU
		{68CA745E-D4F1-86D6-4F94-3CF272644594}.Debug|Any CPU.Build.0 = Debug|Any CPU
		{68CA745E-D4F1-86D6-4F94-3CF272644594}.Release|Any CPU.ActiveCfg = Release|Any CPU
		{68CA745E-D4F1-86D6-4F94-3CF272644594}.Release|Any CPU.Build.0 = Release|Any CPU
		{B0121779-23B2-9840-78CC-80B6C66DB7DC}.Debug|Any CPU.ActiveCfg = Debug|Any CPU
		{B0121779-23B2-9840-78CC-80B6C66DB7DC}.Debug|Any CPU.Build.0 = Debug|Any CPU
		{B0121779-23B2-9840-78CC-80B6C66DB7DC}.Release|Any CPU.ActiveCfg = Release|Any CPU
		{B0121779-23B2-9840-78CC-80B6C66DB7DC}.Release|Any CPU.Build.0 = Release|Any CPU
	EndGlobalSection
	GlobalSection(SolutionProperties) = preSolution
		HideSolutionNode = FALSE
	EndGlobalSection
																																			GlobalSection(MonoDevelopProperties) = preSolution
		StartupItem = Assembly-CSharp.csproj
		Policies = $0
		$0.TextStylePolicy = $1
		$1.inheritsSet = null
		$1.scope = text/x-csharp
		$0.CSharpFormattingPolicy = $2
		$2.inheritsSet = Mono
		$2.inheritsScope = text/x-csharp
		$2.scope = text/x-csharp
		$0.TextStylePolicy = $3
		$3.FileWidth = 120
		$3.TabWidth = 4
		$3.EolMarker = Unix
		$3.inheritsSet = Mono
		$3.inheritsScope = text/plain
		$3.scope = text/plain
	EndGlobalSection

EndGlobal
